// !$*UTF8*$!
{
	archiveVersion = 1;
	classes = {
	};
	objectVersion = 46;
	objects = {

/* Begin PBXBuildFile section */
		AD07C08F19AFD9040056B236 /* Foundation.framework in Frameworks */ = {isa = PBXBuildFile; fileRef = AD07C08E19AFD9040056B236 /* Foundation.framework */; };
		AD07C09119AFD9040056B236 /* CoreGraphics.framework in Frameworks */ = {isa = PBXBuildFile; fileRef = AD07C09019AFD9040056B236 /* CoreGraphics.framework */; };
		AD07C09319AFD9040056B236 /* UIKit.framework in Frameworks */ = {isa = PBXBuildFile; fileRef = AD07C09219AFD9040056B236 /* UIKit.framework */; };
		AD07C09919AFD9040056B236 /* InfoPlist.strings in Resources */ = {isa = PBXBuildFile; fileRef = AD07C09719AFD9040056B236 /* InfoPlist.strings */; };
		AD07C09B19AFD9040056B236 /* main.m in Sources */ = {isa = PBXBuildFile; fileRef = AD07C09A19AFD9040056B236 /* main.m */; };
		AD07C09F19AFD9040056B236 /* AppDelegate.m in Sources */ = {isa = PBXBuildFile; fileRef = AD07C09E19AFD9040056B236 /* AppDelegate.m */; };
		AD07C0A219AFD9040056B236 /* Main.storyboard in Resources */ = {isa = PBXBuildFile; fileRef = AD07C0A019AFD9040056B236 /* Main.storyboard */; };
		AD07C0A519AFD9040056B236 /* ViewController.m in Sources */ = {isa = PBXBuildFile; fileRef = AD07C0A419AFD9040056B236 /* ViewController.m */; };
		AD07C0A719AFD9040056B236 /* Images.xcassets in Resources */ = {isa = PBXBuildFile; fileRef = AD07C0A619AFD9040056B236 /* Images.xcassets */; };
		AD07C0AE19AFD9040056B236 /* XCTest.framework in Frameworks */ = {isa = PBXBuildFile; fileRef = AD07C0AD19AFD9040056B236 /* XCTest.framework */; };
		AD07C0AF19AFD9040056B236 /* Foundation.framework in Frameworks */ = {isa = PBXBuildFile; fileRef = AD07C08E19AFD9040056B236 /* Foundation.framework */; };
		AD07C0B019AFD9040056B236 /* UIKit.framework in Frameworks */ = {isa = PBXBuildFile; fileRef = AD07C09219AFD9040056B236 /* UIKit.framework */; };
		AD07C0B819AFD9040056B236 /* InfoPlist.strings in Resources */ = {isa = PBXBuildFile; fileRef = AD07C0B619AFD9040056B236 /* InfoPlist.strings */; };
		AD07C0BA19AFD9040056B236 /* wsxmlTests.m in Sources */ = {isa = PBXBuildFile; fileRef = AD07C0B919AFD9040056B236 /* wsxmlTests.m */; };
/* End PBXBuildFile section */

/* Begin PBXContainerItemProxy section */
		AD07C0B119AFD9040056B236 /* PBXContainerItemProxy */ = {
			isa = PBXContainerItemProxy;
			containerPortal = AD07C08319AFD9040056B236 /* Project object */;
			proxyType = 1;
			remoteGlobalIDString = AD07C08A19AFD9040056B236;
			remoteInfo = wsxml;
		};
/* End PBXContainerItemProxy section */

/* Begin PBXFileReference section */
		AD07C08B19AFD9040056B236 /* wsxml.app */ = {isa = PBXFileReference; explicitFileType = wrapper.application; includeInIndex = 0; path = wsxml.app; sourceTree = BUILT_PRODUCTS_DIR; };
		AD07C08E19AFD9040056B236 /* Foundation.framework */ = {isa = PBXFileReference; lastKnownFileType = wrapper.framework; name = Foundation.framework; path = System/Library/Frameworks/Foundation.framework; sourceTree = SDKROOT; };
		AD07C09019AFD9040056B236 /* CoreGraphics.framework */ = {isa = PBXFileReference; lastKnownFileType = wrapper.framework; name = CoreGraphics.framework; path = System/Library/Frameworks/CoreGraphics.framework; sourceTree = SDKROOT; };
		AD07C09219AFD9040056B236 /* UIKit.framework */ = {isa = PBXFileReference; lastKnownFileType = wrapper.framework; name = UIKit.framework; path = System/Library/Frameworks/UIKit.framework; sourceTree = SDKROOT; };
		AD07C09619AFD9040056B236 /* wsxml-Info.plist */ = {isa = PBXFileReference; lastKnownFileType = text.plist.xml; path = "wsxml-Info.plist"; sourceTree = "<group>"; };
		AD07C09819AFD9040056B236 /* en */ = {isa = PBXFileReference; lastKnownFileType = text.plist.strings; name = en; path = en.lproj/InfoPlist.strings; sourceTree = "<group>"; };
		AD07C09A19AFD9040056B236 /* main.m */ = {isa = PBXFileReference; lastKnownFileType = sourcecode.c.objc; path = main.m; sourceTree = "<group>"; };
		AD07C09C19AFD9040056B236 /* wsxml-Prefix.pch */ = {isa = PBXFileReference; lastKnownFileType = sourcecode.c.h; path = "wsxml-Prefix.pch"; sourceTree = "<group>"; };
		AD07C09D19AFD9040056B236 /* AppDelegate.h */ = {isa = PBXFileReference; lastKnownFileType = sourcecode.c.h; path = AppDelegate.h; sourceTree = "<group>"; };
		AD07C09E19AFD9040056B236 /* AppDelegate.m */ = {isa = PBXFileReference; lastKnownFileType = sourcecode.c.objc; path = AppDelegate.m; sourceTree = "<group>"; };
		AD07C0A119AFD9040056B236 /* Base */ = {isa = PBXFileReference; lastKnownFileType = file.storyboard; name = Base; path = Base.lproj/Main.storyboard; sourceTree = "<group>"; };
		AD07C0A319AFD9040056B236 /* ViewController.h */ = {isa = PBXFileReference; lastKnownFileType = sourcecode.c.h; path = ViewController.h; sourceTree = "<group>"; };
		AD07C0A419AFD9040056B236 /* ViewController.m */ = {isa = PBXFileReference; lastKnownFileType = sourcecode.c.objc; path = ViewController.m; sourceTree = "<group>"; };
		AD07C0A619AFD9040056B236 /* Images.xcassets */ = {isa = PBXFileReference; lastKnownFileType = folder.assetcatalog; path = Images.xcassets; sourceTree = "<group>"; };
		AD07C0AC19AFD9040056B236 /* wsxmlTests.xctest */ = {isa = PBXFileReference; explicitFileType = wrapper.cfbundle; includeInIndex = 0; path = wsxmlTests.xctest; sourceTree = BUILT_PRODUCTS_DIR; };
		AD07C0AD19AFD9040056B236 /* XCTest.framework */ = {isa = PBXFileReference; lastKnownFileType = wrapper.framework; name = XCTest.framework; path = Library/Frameworks/XCTest.framework; sourceTree = DEVELOPER_DIR; };
		AD07C0B519AFD9040056B236 /* wsxmlTests-Info.plist */ = {isa = PBXFileReference; lastKnownFileType = text.plist.xml; path = "wsxmlTests-Info.plist"; sourceTree = "<group>"; };
		AD07C0B719AFD9040056B236 /* en */ = {isa = PBXFileReference; lastKnownFileType = text.plist.strings; name = en; path = en.lproj/InfoPlist.strings; sourceTree = "<group>"; };
		AD07C0B919AFD9040056B236 /* wsxmlTests.m */ = {isa = PBXFileReference; lastKnownFileType = sourcecode.c.objc; path = wsxmlTests.m; sourceTree = "<group>"; };
/* End PBXFileReference section */

/* Begin PBXFrameworksBuildPhase section */
		AD07C08819AFD9040056B236 /* Frameworks */ = {
			isa = PBXFrameworksBuildPhase;
			buildActionMask = 2147483647;
			files = (
				AD07C09119AFD9040056B236 /* CoreGraphics.framework in Frameworks */,
				AD07C09319AFD9040056B236 /* UIKit.framework in Frameworks */,
				AD07C08F19AFD9040056B236 /* Foundation.framework in Frameworks */,
			);
			runOnlyForDeploymentPostprocessing = 0;
		};
		AD07C0A919AFD9040056B236 /* Frameworks */ = {
			isa = PBXFrameworksBuildPhase;
			buildActionMask = 2147483647;
			files = (
				AD07C0AE19AFD9040056B236 /* XCTest.framework in Frameworks */,
				AD07C0B019AFD9040056B236 /* UIKit.framework in Frameworks */,
				AD07C0AF19AFD9040056B236 /* Foundation.framework in Frameworks */,
			);
			runOnlyForDeploymentPostprocessing = 0;
		};
/* End PBXFrameworksBuildPhase section */

/* Begin PBXGroup section */
		AD07C08219AFD9040056B236 = {
			isa = PBXGroup;
			children = (
				AD07C09419AFD9040056B236 /* wsxml */,
				AD07C0B319AFD9040056B236 /* wsxmlTests */,
				AD07C08D19AFD9040056B236 /* Frameworks */,
				AD07C08C19AFD9040056B236 /* Products */,
			);
			sourceTree = "<group>";
		};
		AD07C08C19AFD9040056B236 /* Products */ = {
			isa = PBXGroup;
			children = (
				AD07C08B19AFD9040056B236 /* wsxml.app */,
				AD07C0AC19AFD9040056B236 /* wsxmlTests.xctest */,
			);
			name = Products;
			sourceTree = "<group>";
		};
		AD07C08D19AFD9040056B236 /* Frameworks */ = {
			isa = PBXGroup;
			children = (
				AD07C08E19AFD9040056B236 /* Foundation.framework */,
				AD07C09019AFD9040056B236 /* CoreGraphics.framework */,
				AD07C09219AFD9040056B236 /* UIKit.framework */,
				AD07C0AD19AFD9040056B236 /* XCTest.framework */,
			);
			name = Frameworks;
			sourceTree = "<group>";
		};
		AD07C09419AFD9040056B236 /* wsxml */ = {
			isa = PBXGroup;
			children = (
				AD07C09D19AFD9040056B236 /* AppDelegate.h */,
				AD07C09E19AFD9040056B236 /* AppDelegate.m */,
				AD07C0A019AFD9040056B236 /* Main.storyboard */,
				AD07C0A319AFD9040056B236 /* ViewController.h */,
				AD07C0A419AFD9040056B236 /* ViewController.m */,
				AD07C0A619AFD9040056B236 /* Images.xcassets */,
				AD07C09519AFD9040056B236 /* Supporting Files */,
			);
			path = wsxml;
			sourceTree = "<group>";
		};
		AD07C09519AFD9040056B236 /* Supporting Files */ = {
			isa = PBXGroup;
			children = (
				AD07C09619AFD9040056B236 /* wsxml-Info.plist */,
				AD07C09719AFD9040056B236 /* InfoPlist.strings */,
				AD07C09A19AFD9040056B236 /* main.m */,
				AD07C09C19AFD9040056B236 /* wsxml-Prefix.pch */,
			);
			name = "Supporting Files";
			sourceTree = "<group>";
		};
		AD07C0B319AFD9040056B236 /* wsxmlTests */ = {
			isa = PBXGroup;
			children = (
				AD07C0B919AFD9040056B236 /* wsxmlTests.m */,
				AD07C0B419AFD9040056B236 /* Supporting Files */,
			);
			path = wsxmlTests;
			sourceTree = "<group>";
		};
		AD07C0B419AFD9040056B236 /* Supporting Files */ = {
			isa = PBXGroup;
			children = (
				AD07C0B519AFD9040056B236 /* wsxmlTests-Info.plist */,
				AD07C0B619AFD9040056B236 /* InfoPlist.strings */,
			);
			name = "Supporting Files";
			sourceTree = "<group>";
		};
/* End PBXGroup section */

/* Begin PBXNativeTarget section */
		AD07C08A19AFD9040056B236 /* wsxml */ = {
			isa = PBXNativeTarget;
			buildConfigurationList = AD07C0BD19AFD9040056B236 /* Build configuration list for PBXNativeTarget "wsxml" */;
			buildPhases = (
				AD07C08719AFD9040056B236 /* Sources */,
				AD07C08819AFD9040056B236 /* Frameworks */,
				AD07C08919AFD9040056B236 /* Resources */,
			);
			buildRules = (
			);
			dependencies = (
			);
			name = wsxml;
			productName = wsxml;
			productReference = AD07C08B19AFD9040056B236 /* wsxml.app */;
			productType = "com.apple.product-type.application";
		};
		AD07C0AB19AFD9040056B236 /* wsxmlTests */ = {
			isa = PBXNativeTarget;
			buildConfigurationList = AD07C0C019AFD9040056B236 /* Build configuration list for PBXNativeTarget "wsxmlTests" */;
			buildPhases = (
				AD07C0A819AFD9040056B236 /* Sources */,
				AD07C0A919AFD9040056B236 /* Frameworks */,
				AD07C0AA19AFD9040056B236 /* Resources */,
			);
			buildRules = (
			);
			dependencies = (
				AD07C0B219AFD9040056B236 /* PBXTargetDependency */,
			);
			name = wsxmlTests;
			productName = wsxmlTests;
			productReference = AD07C0AC19AFD9040056B236 /* wsxmlTests.xctest */;
			productType = "com.apple.product-type.bundle.unit-test";
		};
/* End PBXNativeTarget section */

/* Begin PBXProject section */
		AD07C08319AFD9040056B236 /* Project object */ = {
			isa = PBXProject;
			attributes = {
				LastUpgradeCheck = 0510;
				ORGANIZATIONNAME = Joshua;
				TargetAttributes = {
					AD07C0AB19AFD9040056B236 = {
						TestTargetID = AD07C08A19AFD9040056B236;
					};
				};
			};
			buildConfigurationList = AD07C08619AFD9040056B236 /* Build configuration list for PBXProject "wsxml" */;
			compatibilityVersion = "Xcode 3.2";
			developmentRegion = English;
			hasScannedForEncodings = 0;
			knownRegions = (
				en,
				Base,
			);
			mainGroup = AD07C08219AFD9040056B236;
			productRefGroup = AD07C08C19AFD9040056B236 /* Products */;
			projectDirPath = "";
			projectRoot = "";
			targets = (
				AD07C08A19AFD9040056B236 /* wsxml */,
				AD07C0AB19AFD9040056B236 /* wsxmlTests */,
			);
		};
/* End PBXProject section */

/* Begin PBXResourcesBuildPhase section */
		AD07C08919AFD9040056B236 /* Resources */ = {
			isa = PBXResourcesBuildPhase;
			buildActionMask = 2147483647;
			files = (
				AD07C0A719AFD9040056B236 /* Images.xcassets in Resources */,
				AD07C09919AFD9040056B236 /* InfoPlist.strings in Resources */,
				AD07C0A219AFD9040056B236 /* Main.storyboard in Resources */,
			);
			runOnlyForDeploymentPostprocessing = 0;
		};
		AD07C0AA19AFD9040056B236 /* Resources */ = {
			isa = PBXResourcesBuildPhase;
			buildActionMask = 2147483647;
			files = (
				AD07C0B819AFD9040056B236 /* InfoPlist.strings in Resources */,
			);
			runOnlyForDeploymentPostprocessing = 0;
		};
/* End PBXResourcesBuildPhase section */

/* Begin PBXSourcesBuildPhase section */
		AD07C08719AFD9040056B236 /* Sources */ = {
			isa = PBXSourcesBuildPhase;
			buildActionMask = 2147483647;
			files = (
				AD07C0A519AFD9040056B236 /* ViewController.m in Sources */,
				AD07C09F19AFD9040056B236 /* AppDelegate.m in Sources */,
				AD07C09B19AFD9040056B236 /* main.m in Sources */,
			);
			runOnlyForDeploymentPostprocessing = 0;
		};
		AD07C0A819AFD9040056B236 /* Sources */ = {
			isa = PBXSourcesBuildPhase;
			buildActionMask = 2147483647;
			files = (
				AD07C0BA19AFD9040056B236 /* wsxmlTests.m in Sources */,
			);
			runOnlyForDeploymentPostprocessing = 0;
		};
/* End PBXSourcesBuildPhase section */

/* Begin PBXTargetDependency section */
		AD07C0B219AFD9040056B236 /* PBXTargetDependency */ = {
			isa = PBXTargetDependency;
			target = AD07C08A19AFD9040056B236 /* wsxml */;
			targetProxy = AD07C0B119AFD9040056B236 /* PBXContainerItemProxy */;
		};
/* End PBXTargetDependency section */

/* Begin PBXVariantGroup section */
		AD07C09719AFD9040056B236 /* InfoPlist.strings */ = {
			isa = PBXVariantGroup;
			children = (
				AD07C09819AFD9040056B236 /* en */,
			);
			name = InfoPlist.strings;
			sourceTree = "<group>";
		};
		AD07C0A019AFD9040056B236 /* Main.storyboard */ = {
			isa = PBXVariantGroup;
			children = (
				AD07C0A119AFD9040056B236 /* Base */,
			);
			name = Main.storyboard;
			sourceTree = "<group>";
		};
		AD07C0B619AFD9040056B236 /* InfoPlist.strings */ = {
			isa = PBXVariantGroup;
			children = (
				AD07C0B719AFD9040056B236 /* en */,
			);
			name = InfoPlist.strings;
			sourceTree = "<group>";
		};
/* End PBXVariantGroup section */

/* Begin XCBuildConfiguration section */
		AD07C0BB19AFD9040056B236 /* Debug */ = {
			isa = XCBuildConfiguration;
			buildSettings = {
				ALWAYS_SEARCH_USER_PATHS = NO;
				CLANG_CXX_LANGUAGE_STANDARD = "gnu++0x";
				CLANG_CXX_LIBRARY = "libc++";
				CLANG_ENABLE_MODULES = YES;
				CLANG_ENABLE_OBJC_ARC = YES;
				CLANG_WARN_BOOL_CONVERSION = YES;
				CLANG_WARN_CONSTANT_CONVERSION = YES;
				CLANG_WARN_DIRECT_OBJC_ISA_USAGE = YES_ERROR;
				CLANG_WARN_EMPTY_BODY = YES;
				CLANG_WARN_ENUM_CONVERSION = YES;
				CLANG_WARN_INT_CONVERSION = YES;
				CLANG_WARN_OBJC_ROOT_CLASS = YES_ERROR;
				CLANG_WARN__DUPLICATE_METHOD_MATCH = YES;
				"CODE_SIGN_IDENTITY[sdk=iphoneos*]" = "iPhone Developer";
				COPY_PHASE_STRIP = NO;
				GCC_C_LANGUAGE_STANDARD = gnu99;
				GCC_DYNAMIC_NO_PIC = NO;
				GCC_OPTIMIZATION_LEVEL = 0;
				GCC_PREPROCESSOR_DEFINITIONS = (
					"DEBUG=1",
					"$(inherited)",
				);
				GCC_SYMBOLS_PRIVATE_EXTERN = NO;
				GCC_WARN_64_TO_32_BIT_CONVERSION = YES;
				GCC_WARN_ABOUT_RETURN_TYPE = YES_ERROR;
				GCC_WARN_UNDECLARED_SELECTOR = YES;
				GCC_WARN_UNINITIALIZED_AUTOS = YES_AGGRESSIVE;
				GCC_WARN_UNUSED_FUNCTION = YES;
				GCC_WARN_UNUSED_VARIABLE = YES;
				IPHONEOS_DEPLOYMENT_TARGET = 7.1;
				ONLY_ACTIVE_ARCH = YES;
				SDKROOT = iphoneos;
			};
			name = Debug;
		};
		AD07C0BC19AFD9040056B236 /* Release */ = {
			isa = XCBuildConfiguration;
			buildSettings = {
				ALWAYS_SEARCH_USER_PATHS = NO;
				CLANG_CXX_LANGUAGE_STANDARD = "gnu++0x";
				CLANG_CXX_LIBRARY = "libc++";
				CLANG_ENABLE_MODULES = YES;
				CLANG_ENABLE_OBJC_ARC = YES;
				CLANG_WARN_BOOL_CONVERSION = YES;
				CLANG_WARN_CONSTANT_CONVERSION = YES;
				CLANG_WARN_DIRECT_OBJC_ISA_USAGE = YES_ERROR;
				CLANG_WARN_EMPTY_BODY = YES;
				CLANG_WARN_ENUM_CONVERSION = YES;
				CLANG_WARN_INT_CONVERSION = YES;
				CLANG_WARN_OBJC_ROOT_CLASS = YES_ERROR;
				CLANG_WARN__DUPLICATE_METHOD_MATCH = YES;
				"CODE_SIGN_IDENTITY[sdk=iphoneos*]" = "iPhone Developer";
				COPY_PHASE_STRIP = YES;
				ENABLE_NS_ASSERTIONS = NO;
				GCC_C_LANGUAGE_STANDARD = gnu99;
				GCC_WARN_64_TO_32_BIT_CONVERSION = YES;
				GCC_WARN_ABOUT_RETURN_TYPE = YES_ERROR;
				GCC_WARN_UNDECLARED_SELECTOR = YES;
				GCC_WARN_UNINITIALIZED_AUTOS = YES_AGGRESSIVE;
				GCC_WARN_UNUSED_FUNCTION = YES;
				GCC_WARN_UNUSED_VARIABLE = YES;
				IPHONEOS_DEPLOYMENT_TARGET = 7.1;
				SDKROOT = iphoneos;
				VALIDATE_PRODUCT = YES;
			};
			name = Release;
		};
		AD07C0BE19AFD9040056B236 /* Debug */ = {
			isa = XCBuildConfiguration;
			buildSettings = {
				ASSETCATALOG_COMPILER_APPICON_NAME = AppIcon;
				ASSETCATALOG_COMPILER_LAUNCHIMAGE_NAME = LaunchImage;
				GCC_PRECOMPILE_PREFIX_HEADER = YES;
				GCC_PREFIX_HEADER = "wsxml/wsxml-Prefix.pch";
				INFOPLIST_FILE = "wsxml/wsxml-Info.plist";
				PRODUCT_NAME = "$(TARGET_NAME)";
				WRAPPER_EXTENSION = app;
			};
			name = Debug;
		};
		AD07C0BF19AFD9040056B236 /* Release */ = {
			isa = XCBuildConfiguration;
			buildSettings = {
				ASSETCATALOG_COMPILER_APPICON_NAME = AppIcon;
				ASSETCATALOG_COMPILER_LAUNCHIMAGE_NAME = LaunchImage;
				GCC_PRECOMPILE_PREFIX_HEADER = YES;
				GCC_PREFIX_HEADER = "wsxml/wsxml-Prefix.pch";
				INFOPLIST_FILE = "wsxml/wsxml-Info.plist";
				PRODUCT_NAME = "$(TARGET_NAME)";
				WRAPPER_EXTENSION = app;
			};
			name = Release;
		};
		AD07C0C119AFD9040056B236 /* Debug */ = {
			isa = XCBuildConfiguration;
			buildSettings = {
				BUNDLE_LOADER = "$(BUILT_PRODUCTS_DIR)/wsxml.app/wsxml";
				FRAMEWORK_SEARCH_PATHS = (
					"$(SDKROOT)/Developer/Library/Frameworks",
					"$(inherited)",
					"$(DEVELOPER_FRAMEWORKS_DIR)",
				);
				GCC_PRECOMPILE_PREFIX_HEADER = YES;
				GCC_PREFIX_HEADER = "wsxml/wsxml-Prefix.pch";
				GCC_PREPROCESSOR_DEFINITIONS = (
					"DEBUG=1",
					"$(inherited)",
				);
				INFOPLIST_FILE = "wsxmlTests/wsxmlTests-Info.plist";
				PRODUCT_NAME = "$(TARGET_NAME)";
				TEST_HOST = "$(BUNDLE_LOADER)";
				WRAPPER_EXTENSION = xctest;
			};
			name = Debug;
		};
		AD07C0C219AFD9040056B236 /* Release */ = {
			isa = XCBuildConfiguration;
			buildSettings = {
				BUNDLE_LOADER = "$(BUILT_PRODUCTS_DIR)/wsxml.app/wsxml";
				FRAMEWORK_SEARCH_PATHS = (
					"$(SDKROOT)/Developer/Library/Frameworks",
					"$(inherited)",
					"$(DEVELOPER_FRAMEWORKS_DIR)",
				);
				GCC_PRECOMPILE_PREFIX_HEADER = YES;
				GCC_PREFIX_HEADER = "wsxml/wsxml-Prefix.pch";
				INFOPLIST_FILE = "wsxmlTests/wsxmlTests-Info.plist";
				PRODUCT_NAME = "$(TARGET_NAME)";
				TEST_HOST = "$(BUNDLE_LOADER)";
				WRAPPER_EXTENSION = xctest;
			};
			name = Release;
		};
/* End XCBuildConfiguration section */

/* Begin XCConfigurationList section */
		AD07C08619AFD9040056B236 /* Build configuration list for PBXProject "wsxml" */ = {
			isa = XCConfigurationList;
			buildConfigurations = (
				AD07C0BB19AFD9040056B236 /* Debug */,
				AD07C0BC19AFD9040056B236 /* Release */,
			);
			defaultConfigurationIsVisible = 0;
			defaultConfigurationName = Release;
		};
		AD07C0BD19AFD9040056B236 /* Build configuration list for PBXNativeTarget "wsxml" */ = {
			isa = XCConfigurationList;
			buildConfigurations = (
				AD07C0BE19AFD9040056B236 /* Debug */,
				AD07C0BF19AFD9040056B236 /* Release */,
			);
			defaultConfigurationIsVisible = 0;
		};
		AD07C0C019AFD9040056B236 /* Build configuration list for PBXNativeTarget "wsxmlTests" */ = {
			isa = XCConfigurationList;
			buildConfigurations = (
				AD07C0C119AFD9040056B236 /* Debug */,
				AD07C0C219AFD9040056B236 /* Release */,
			);
			defaultConfigurationIsVisible = 0;
		};
/* End XCConfigurationList section */
	};
	rootObject = AD07C08319AFD9040056B236 /* Project object */;
}
